{
  "requires": true,
  "lockfileVersion": 1,
  "dependencies": {
    "mumble-web": {
      "version": "0.5.1",
      "resolved": "https://registry.npmjs.org/mumble-web/-/mumble-web-0.5.1.tgz",
      "integrity": "sha512-h95mkhxawAz9kcbd4GTTQn27yXnG6U8YzD6E53eZ6fK7o2GBjwjO7cCN7ZGGXezeJNowbm49dPOkLsXSMRBb9g=="
    }
  }
}
